
Microsoft Visual Studio Solution File, Format Version 12.00
# Visual Studio Version 17
VisualStudioVersion = 17.6.33829.357
MinimumVisualStudioVersion = 10.0.40219.1
Project("{FAE04EC0-301F-11D3-BF4B-00C04F79EFBC}") = "bai5_giaiptbac2", "bai5_giaiptbac2.csproj", "{180A84D1-D5D8-4868-8485-DC2389BA6A9F}"
EndProject
Global
	GlobalSection(SolutionConfigurationPlatforms) = preSolution
		Debug|Any CPU = Debug|Any CPU
		Release|Any CPU = Release|Any CPU
	EndGlobalSection
	GlobalSection(ProjectConfigurationPlatforms) = postSolution
		{180A84D1-D5D8-4868-8485-DC2389BA6A9F}.Debug|Any CPU.ActiveCfg = Debug|Any CPU
		{180A84D1-D5D8-4868-8485-DC2389BA6A9F}.Debug|Any CPU.Build.0 = Debug|Any CPU
		{180A84D1-D5D8-4868-8485-DC2389BA6A9F}.Release|Any CPU.ActiveCfg = Release|Any CPU
		{180A84D1-D5D8-4868-8485-DC2389BA6A9F}.Release|Any CPU.Build.0 = Release|Any CPU
	EndGlobalSection
	GlobalSection(SolutionProperties) = preSolution
		HideSolutionNode = FALSE
	EndGlobalSection
	GlobalSection(ExtensibilityGlobals) = postSolution
		SolutionGuid = {A41EF48C-385F-44DD-8D2E-1D52635CB0BA}
	EndGlobalSection
EndGlobal
